
Microsoft Visual Studio Solution File, Format Version 12.00
# Visual Studio Version 16
VisualStudioVersion = 16.0.30804.86
MinimumVisualStudioVersion = 10.0.40219.1
Project("{FAE04EC0-301F-11D3-BF4B-00C04F79EFBC}") = "WebApplication", "WebApplication.csproj", "{E63E1CD2-F5F4-4797-91E3-8268C5F42FB7}"
EndProject
Global
	GlobalSection(SolutionConfigurationPlatforms) = preSolution
		Debug|Any CPU = Debug|Any CPU
		Release|Any CPU = Release|Any CPU
	EndGlobalSection
	GlobalSection(ProjectConfigurationPlatforms) = postSolution
		{E63E1CD2-F5F4-4797-91E3-8268C5F42FB7}.Debug|Any CPU.ActiveCfg = Debug|Any CPU
		{E63E1CD2-F5F4-4797-91E3-8268C5F42FB7}.Debug|Any CPU.Build.0 = Debug|Any CPU
		{E63E1CD2-F5F4-4797-91E3-8268C5F42FB7}.Release|Any CPU.ActiveCfg = Release|Any CPU
		{E63E1CD2-F5F4-4797-91E3-8268C5F42FB7}.Release|Any CPU.Build.0 = Release|Any CPU
	EndGlobalSection
	GlobalSection(SolutionProperties) = preSolution
		HideSolutionNode = FALSE
	EndGlobalSection
	GlobalSection(ExtensibilityGlobals) = postSolution
		SolutionGuid = {A48245C9-0D47-4B92-A34E-0E25B0112C6D}
	EndGlobalSection
EndGlobal
